
Microsoft Visual Studio Solution File, Format Version 12.00
# Visual Studio Version 17
VisualStudioVersion = 17.11.35303.130
MinimumVisualStudioVersion = 10.0.40219.1
Project("{FAE04EC0-301F-11D3-BF4B-00C04F79EFBC}") = "ex4", "ex4.csproj", "{20BD81A6-2657-4A4E-AAD6-AE674BBF1697}"
EndProject
Global
	GlobalSection(SolutionConfigurationPlatforms) = preSolution
		Debug|Any CPU = Debug|Any CPU
		Release|Any CPU = Release|Any CPU
	EndGlobalSection
	GlobalSection(ProjectConfigurationPlatforms) = postSolution
		{20BD81A6-2657-4A4E-AAD6-AE674BBF1697}.Debug|Any CPU.ActiveCfg = Debug|Any CPU
		{20BD81A6-2657-4A4E-AAD6-AE674BBF1697}.Debug|Any CPU.Build.0 = Debug|Any CPU
		{20BD81A6-2657-4A4E-AAD6-AE674BBF1697}.Release|Any CPU.ActiveCfg = Release|Any CPU
		{20BD81A6-2657-4A4E-AAD6-AE674BBF1697}.Release|Any CPU.Build.0 = Release|Any CPU
	EndGlobalSection
	GlobalSection(SolutionProperties) = preSolution
		HideSolutionNode = FALSE
	EndGlobalSection
	GlobalSection(ExtensibilityGlobals) = postSolution
		SolutionGuid = {94C10BAF-A85E-41D3-9F9A-D99D7E11188C}
	EndGlobalSection
EndGlobal
