
Microsoft Visual Studio Solution File, Format Version 12.00
# Visual Studio Version 17
VisualStudioVersion = 17.11.35303.130
MinimumVisualStudioVersion = 10.0.40219.1
Project("{FAE04EC0-301F-11D3-BF4B-00C04F79EFBC}") = "ex8", "ex8.csproj", "{C1773A26-5445-40F7-B98F-D30646427305}"
EndProject
Global
	GlobalSection(SolutionConfigurationPlatforms) = preSolution
		Debug|Any CPU = Debug|Any CPU
		Release|Any CPU = Release|Any CPU
	EndGlobalSection
	GlobalSection(ProjectConfigurationPlatforms) = postSolution
		{C1773A26-5445-40F7-B98F-D30646427305}.Debug|Any CPU.ActiveCfg = Debug|Any CPU
		{C1773A26-5445-40F7-B98F-D30646427305}.Debug|Any CPU.Build.0 = Debug|Any CPU
		{C1773A26-5445-40F7-B98F-D30646427305}.Release|Any CPU.ActiveCfg = Release|Any CPU
		{C1773A26-5445-40F7-B98F-D30646427305}.Release|Any CPU.Build.0 = Release|Any CPU
	EndGlobalSection
	GlobalSection(SolutionProperties) = preSolution
		HideSolutionNode = FALSE
	EndGlobalSection
	GlobalSection(ExtensibilityGlobals) = postSolution
		SolutionGuid = {11D9B485-F0FC-42D8-B43A-F063E2B53C79}
	EndGlobalSection
EndGlobal
