
Microsoft Visual Studio Solution File, Format Version 12.00
# Visual Studio Version 17
VisualStudioVersion = 17.11.35303.130
MinimumVisualStudioVersion = 10.0.40219.1
Project("{FAE04EC0-301F-11D3-BF4B-00C04F79EFBC}") = "ex6", "ex6.csproj", "{AD020144-C254-488F-ACC1-86826A839D41}"
EndProject
Global
	GlobalSection(SolutionConfigurationPlatforms) = preSolution
		Debug|Any CPU = Debug|Any CPU
		Release|Any CPU = Release|Any CPU
	EndGlobalSection
	GlobalSection(ProjectConfigurationPlatforms) = postSolution
		{AD020144-C254-488F-ACC1-86826A839D41}.Debug|Any CPU.ActiveCfg = Debug|Any CPU
		{AD020144-C254-488F-ACC1-86826A839D41}.Debug|Any CPU.Build.0 = Debug|Any CPU
		{AD020144-C254-488F-ACC1-86826A839D41}.Release|Any CPU.ActiveCfg = Release|Any CPU
		{AD020144-C254-488F-ACC1-86826A839D41}.Release|Any CPU.Build.0 = Release|Any CPU
	EndGlobalSection
	GlobalSection(SolutionProperties) = preSolution
		HideSolutionNode = FALSE
	EndGlobalSection
	GlobalSection(ExtensibilityGlobals) = postSolution
		SolutionGuid = {3B500394-2D3E-4E33-B5B6-9CAA94AFBA82}
	EndGlobalSection
EndGlobal
